{
  "requires": true,
  "lockfileVersion": 1,
  "dependencies": {
    "argparse": {
      "version": "1.0.10",
      "resolved": "https://registry.npm.taobao.org/argparse/download/argparse-1.0.10.tgz",
      "integrity": "sha1-vNZ5HqWuCXJeF+WtmIE0zUCz2RE=",
      "requires": {
        "sprintf-js": "~1.0.2"
      }
    },
    "autolinker": {
      "version": "0.28.1",
      "resolved": "https://registry.npm.taobao.org/autolinker/download/autolinker-0.28.1.tgz",
      "integrity": "sha1-BlK0kYgYefB3XazgzcoyM5QqTkc=",
      "requires": {
        "gulp-header": "^1.7.1"
      }
    },
    "concat-with-sourcemaps": {
      "version": "1.1.0",
      "resolved": "https://registry.npm.taobao.org/concat-with-sourcemaps/download/concat-with-sourcemaps-1.1.0.tgz",
      "integrity": "sha1-1OqT8FriV5CVG5nns7CeOQikCC4=",
      "requires": {
        "source-map": "^0.6.1"
      }
    },
    "core-util-is": {
      "version": "1.0.2",
      "resolved": "https://registry.npm.taobao.org/core-util-is/download/core-util-is-1.0.2.tgz",
      "integrity": "sha1-tf1UIgqivFq1eqtxQMlAdUUDwac="
    },
    "gitbook-plugin-back-to-top-button": {
      "version": "0.1.4",
      "resolved": "https://registry.npm.taobao.org/gitbook-plugin-back-to-top-button/download/gitbook-plugin-back-to-top-button-0.1.4.tgz",
      "integrity": "sha1-5iGDOLDvGdWOb2YAmUNQt26ANd8="
    },
    "gitbook-plugin-code": {
      "version": "0.1.0",
      "resolved": "https://registry.npm.taobao.org/gitbook-plugin-code/download/gitbook-plugin-code-0.1.0.tgz",
      "integrity": "sha1-gRqWALrvdViuGTzufVgQABZn6Xs="
    },
    "gitbook-plugin-copy-code-button": {
      "version": "0.0.2",
      "resolved": "https://registry.npm.taobao.org/gitbook-plugin-copy-code-button/download/gitbook-plugin-copy-code-button-0.0.2.tgz",
      "integrity": "sha1-Q0UzIAtc9ZbChMFOHYu1d3IIRHU="
    },
    "gitbook-plugin-expandable-chapters": {
      "version": "0.2.0",
      "resolved": "https://registry.npm.taobao.org/gitbook-plugin-expandable-chapters/download/gitbook-plugin-expandable-chapters-0.2.0.tgz",
      "integrity": "sha1-RdcIeuaQekH0gSjFT+ViJKnBraI="
    },
    "gitbook-plugin-hide-element": {
      "version": "0.0.4",
      "resolved": "https://registry.npm.taobao.org/gitbook-plugin-hide-element/download/gitbook-plugin-hide-element-0.0.4.tgz",
      "integrity": "sha1-k6Pedq7r1TUmFZfSV/cYdvDR3DQ="
    },
    "gitbook-plugin-page-toc-button": {
      "version": "0.1.1",
      "resolved": "https://registry.npm.taobao.org/gitbook-plugin-page-toc-button/download/gitbook-plugin-page-toc-button-0.1.1.tgz",
      "integrity": "sha1-KBoK3j8NiXtjqDpKPGPMhTpglvk="
    },
    "gitbook-plugin-page-treeview": {
      "version": "3.0.1",
      "resolved": "https://registry.npm.taobao.org/gitbook-plugin-page-treeview/download/gitbook-plugin-page-treeview-3.0.1.tgz",
      "integrity": "sha1-YhWL06N4uw2lEYMN4Ycr0EBhP0Q=",
      "requires": {
        "remarkable": "^1.6.2",
        "remove-markdown": "^0.1.0"
      }
    },
    "gitbook-plugin-pageview-count": {
      "version": "1.0.1",
      "resolved": "https://registry.npm.taobao.org/gitbook-plugin-pageview-count/download/gitbook-plugin-pageview-count-1.0.1.tgz",
      "integrity": "sha1-38W0u5KQ9QMAXyhVnQcRQl1vlME="
    },
    "gitbook-plugin-popup": {
      "version": "0.0.1",
      "resolved": "https://registry.npm.taobao.org/gitbook-plugin-popup/download/gitbook-plugin-popup-0.0.1.tgz",
      "integrity": "sha1-6iOOXiSMNc9Lc9KH3fVw8J3/Yzw="
    },
    "gitbook-plugin-search-pro": {
      "version": "2.0.2",
      "resolved": "https://registry.npm.taobao.org/gitbook-plugin-search-pro/download/gitbook-plugin-search-pro-2.0.2.tgz",
      "integrity": "sha1-fOduj2XCBESJucaSc2sj+B/mofI=",
      "requires": {
        "html-entities": "1.2.0"
      }
    },
    "gitbook-plugin-splitter": {
      "version": "0.0.8",
      "resolved": "https://registry.npm.taobao.org/gitbook-plugin-splitter/download/gitbook-plugin-splitter-0.0.8.tgz",
      "integrity": "sha1-8rBRMGD8kma0awQYLk7KHUtx+vw="
    },
    "gitbook-plugin-tbfed-pagefooter": {
      "version": "0.0.1",
      "resolved": "https://registry.npm.taobao.org/gitbook-plugin-tbfed-pagefooter/download/gitbook-plugin-tbfed-pagefooter-0.0.1.tgz",
      "integrity": "sha1-Fu54QGLdhQQmTEd+h2X8ScQb7T0=",
      "requires": {
        "moment": "^2.10.6"
      }
    },
    "gulp-header": {
      "version": "1.8.12",
      "resolved": "https://registry.npm.taobao.org/gulp-header/download/gulp-header-1.8.12.tgz",
      "integrity": "sha1-rTBr4AZlmRJygcT4eGZg5wUICoQ=",
      "requires": {
        "concat-with-sourcemaps": "*",
        "lodash.template": "^4.4.0",
        "through2": "^2.0.0"
      }
    },
    "html-entities": {
      "version": "1.2.0",
      "resolved": "https://registry.npm.taobao.org/html-entities/download/html-entities-1.2.0.tgz",
      "integrity": "sha1-QZSMr4XOgv7Tbk5qDtNxpmZDeeI="
    },
    "inherits": {
      "version": "2.0.4",
      "resolved": "https://registry.npm.taobao.org/inherits/download/inherits-2.0.4.tgz",
      "integrity": "sha1-D6LGT5MpF8NDOg3tVTY6rjdBa3w="
    },
    "isarray": {
      "version": "1.0.0",
      "resolved": "https://registry.npm.taobao.org/isarray/download/isarray-1.0.0.tgz",
      "integrity": "sha1-u5NdSFgsuhaMBoNJV6VKPgcSTxE="
    },
    "lodash._reinterpolate": {
      "version": "3.0.0",
      "resolved": "https://registry.npm.taobao.org/lodash._reinterpolate/download/lodash._reinterpolate-3.0.0.tgz",
      "integrity": "sha1-DM8tiRZq8Ds2Y8eWU4t1rG4RTZ0="
    },
    "lodash.template": {
      "version": "4.5.0",
      "resolved": "https://registry.npm.taobao.org/lodash.template/download/lodash.template-4.5.0.tgz",
      "integrity": "sha1-+XYZXPPzR9DV9SSDVp/oAxzM6Ks=",
      "requires": {
        "lodash._reinterpolate": "^3.0.0",
        "lodash.templatesettings": "^4.0.0"
      }
    },
    "lodash.templatesettings": {
      "version": "4.2.0",
      "resolved": "https://registry.npm.taobao.org/lodash.templatesettings/download/lodash.templatesettings-4.2.0.tgz",
      "integrity": "sha1-5IExDwSdPPbUfpEq0JMTsVTw+zM=",
      "requires": {
        "lodash._reinterpolate": "^3.0.0"
      }
    },
    "moment": {
      "version": "2.24.0",
      "resolved": "https://registry.npm.taobao.org/moment/download/moment-2.24.0.tgz",
      "integrity": "sha1-DQVdU/UFKqZTyfbraLtdEr9cK1s="
    },
    "process-nextick-args": {
      "version": "2.0.1",
      "resolved": "https://registry.npm.taobao.org/process-nextick-args/download/process-nextick-args-2.0.1.tgz",
      "integrity": "sha1-eCDZsWEgzFXKmud5JoCufbptf+I="
    },
    "readable-stream": {
      "version": "2.3.7",
      "resolved": "https://registry.npm.taobao.org/readable-stream/download/readable-stream-2.3.7.tgz",
      "integrity": "sha1-Hsoc9xGu+BTAT2IlKjamL2yyO1c=",
      "requires": {
        "core-util-is": "~1.0.0",
        "inherits": "~2.0.3",
        "isarray": "~1.0.0",
        "process-nextick-args": "~2.0.0",
        "safe-buffer": "~5.1.1",
        "string_decoder": "~1.1.1",
        "util-deprecate": "~1.0.1"
      }
    },
    "remarkable": {
      "version": "1.7.4",
      "resolved": "https://registry.npm.taobao.org/remarkable/download/remarkable-1.7.4.tgz",
      "integrity": "sha1-GQc8uWA5jIen1lRuql5Q0gIvzQA=",
      "requires": {
        "argparse": "^1.0.10",
        "autolinker": "~0.28.0"
      }
    },
    "remove-markdown": {
      "version": "0.1.0",
      "resolved": "https://registry.npm.taobao.org/remove-markdown/download/remove-markdown-0.1.0.tgz",
      "integrity": "sha1-z4tm6eb8tKzJchBIre7no1dpi6k="
    },
    "safe-buffer": {
      "version": "5.1.2",
      "resolved": "https://registry.npm.taobao.org/safe-buffer/download/safe-buffer-5.1.2.tgz",
      "integrity": "sha1-mR7GnSluAxN0fVm9/St0XDX4go0="
    },
    "source-map": {
      "version": "0.6.1",
      "resolved": "https://registry.npm.taobao.org/source-map/download/source-map-0.6.1.tgz",
      "integrity": "sha1-dHIq8y6WFOnCh6jQu95IteLxomM="
    },
    "sprintf-js": {
      "version": "1.0.3",
      "resolved": "https://registry.npm.taobao.org/sprintf-js/download/sprintf-js-1.0.3.tgz",
      "integrity": "sha1-BOaSb2YolTVPPdAVIDYzuFcpfiw="
    },
    "string_decoder": {
      "version": "1.1.1",
      "resolved": "https://registry.npm.taobao.org/string_decoder/download/string_decoder-1.1.1.tgz",
      "integrity": "sha1-nPFhG6YmhdcDCunkujQUnDrwP8g=",
      "requires": {
        "safe-buffer": "~5.1.0"
      }
    },
    "through2": {
      "version": "2.0.5",
      "resolved": "https://registry.npm.taobao.org/through2/download/through2-2.0.5.tgz",
      "integrity": "sha1-AcHjnrMdB8t9A6lqcIIyYLIxMs0=",
      "requires": {
        "readable-stream": "~2.3.6",
        "xtend": "~4.0.1"
      }
    },
    "util-deprecate": {
      "version": "1.0.2",
      "resolved": "https://registry.npm.taobao.org/util-deprecate/download/util-deprecate-1.0.2.tgz",
      "integrity": "sha1-RQ1Nyfpw3nMnYvvS1KKJgUGaDM8="
    },
    "xtend": {
      "version": "4.0.2",
      "resolved": "https://registry.npm.taobao.org/xtend/download/xtend-4.0.2.tgz",
      "integrity": "sha1-u3J3n1+kZRhrH0OPZ0+jR/2121Q="
    }
  }
}
